
Microsoft Visual Studio Solution File, Format Version 12.00
# Visual Studio Version 16
VisualStudioVersion = 16.0.29411.108
MinimumVisualStudioVersion = 10.0.40219.1
Project("{2150E333-8FDC-42A3-9474-1A3956D46DE8}") = "src", "src", "{31AE166E-782E-452D-AD81-8A245FA0A2BC}"
EndProject
Project("{2150E333-8FDC-42A3-9474-1A3956D46DE8}") = "00 Core", "00 Core", "{4EDD4A9F-E838-4224-A786-A15561C80550}"
EndProject
Project("{2150E333-8FDC-42A3-9474-1A3956D46DE8}") = "01 Data", "01 Data", "{94B1C83C-8833-4F1C-BA15-985E8177B55D}"
EndProject
Project("{2150E333-8FDC-42A3-9474-1A3956D46DE8}") = "02 Service", "02 Service", "{41A3D6D1-D26E-4A24-8E54-34FBBE689BA8}"
EndProject
Project("{2150E333-8FDC-42A3-9474-1A3956D46DE8}") = "03 Infra", "03 Infra", "{F9C18173-2628-4430-9BBD-C07B7E96CFB8}"
EndProject
Project("{2150E333-8FDC-42A3-9474-1A3956D46DE8}") = "04 Web", "04 Web", "{65A7A44C-C261-4B2F-8ECC-E59FE354B9AC}"
EndProject
Project("{FAE04EC0-301F-11D3-BF4B-00C04F79EFBC}") = "app.Core", "src\app.Core\app.Core.csproj", "{E429CE30-19A4-4807-9601-245F162ECF9D}"
EndProject
Project("{FAE04EC0-301F-11D3-BF4B-00C04F79EFBC}") = "app.Data", "src\app.Data\app.Data.csproj", "{D61F9F1F-31BF-4DC6-9E84-DF088BDA7823}"
EndProject
Project("{FAE04EC0-301F-11D3-BF4B-00C04F79EFBC}") = "app.Service", "src\app.Service\app.Service.csproj", "{57550B3C-9C66-4645-AA83-B800C8ECA631}"
EndProject
Project("{FAE04EC0-301F-11D3-BF4B-00C04F79EFBC}") = "app.Infra", "src\app.Infra\app.Infra.csproj", "{68EF4126-10C8-4BF7-8DAA-6E607A79DA4F}"
EndProject
Project("{FAE04EC0-301F-11D3-BF4B-00C04F79EFBC}") = "app.Web", "src\app.Web\app.Web\app.Web.csproj", "{299A3DF1-C0F8-4463-BC8C-8C12A7AA7842}"
EndProject
Global
	GlobalSection(SolutionConfigurationPlatforms) = preSolution
		Debug|Any CPU = Debug|Any CPU
		Release|Any CPU = Release|Any CPU
	EndGlobalSection
	GlobalSection(ProjectConfigurationPlatforms) = postSolution
		{E429CE30-19A4-4807-9601-245F162ECF9D}.Debug|Any CPU.ActiveCfg = Debug|Any CPU
		{E429CE30-19A4-4807-9601-245F162ECF9D}.Debug|Any CPU.Build.0 = Debug|Any CPU
		{E429CE30-19A4-4807-9601-245F162ECF9D}.Release|Any CPU.ActiveCfg = Release|Any CPU
		{E429CE30-19A4-4807-9601-245F162ECF9D}.Release|Any CPU.Build.0 = Release|Any CPU
		{D61F9F1F-31BF-4DC6-9E84-DF088BDA7823}.Debug|Any CPU.ActiveCfg = Debug|Any CPU
		{D61F9F1F-31BF-4DC6-9E84-DF088BDA7823}.Debug|Any CPU.Build.0 = Debug|Any CPU
		{D61F9F1F-31BF-4DC6-9E84-DF088BDA7823}.Release|Any CPU.ActiveCfg = Release|Any CPU
		{D61F9F1F-31BF-4DC6-9E84-DF088BDA7823}.Release|Any CPU.Build.0 = Release|Any CPU
		{57550B3C-9C66-4645-AA83-B800C8ECA631}.Debug|Any CPU.ActiveCfg = Debug|Any CPU
		{57550B3C-9C66-4645-AA83-B800C8ECA631}.Debug|Any CPU.Build.0 = Debug|Any CPU
		{57550B3C-9C66-4645-AA83-B800C8ECA631}.Release|Any CPU.ActiveCfg = Release|Any CPU
		{57550B3C-9C66-4645-AA83-B800C8ECA631}.Release|Any CPU.Build.0 = Release|Any CPU
		{68EF4126-10C8-4BF7-8DAA-6E607A79DA4F}.Debug|Any CPU.ActiveCfg = Debug|Any CPU
		{68EF4126-10C8-4BF7-8DAA-6E607A79DA4F}.Debug|Any CPU.Build.0 = Debug|Any CPU
		{68EF4126-10C8-4BF7-8DAA-6E607A79DA4F}.Release|Any CPU.ActiveCfg = Release|Any CPU
		{68EF4126-10C8-4BF7-8DAA-6E607A79DA4F}.Release|Any CPU.Build.0 = Release|Any CPU
		{299A3DF1-C0F8-4463-BC8C-8C12A7AA7842}.Debug|Any CPU.ActiveCfg = Debug|Any CPU
		{299A3DF1-C0F8-4463-BC8C-8C12A7AA7842}.Debug|Any CPU.Build.0 = Debug|Any CPU
		{299A3DF1-C0F8-4463-BC8C-8C12A7AA7842}.Release|Any CPU.ActiveCfg = Release|Any CPU
		{299A3DF1-C0F8-4463-BC8C-8C12A7AA7842}.Release|Any CPU.Build.0 = Release|Any CPU
	EndGlobalSection
	GlobalSection(SolutionProperties) = preSolution
		HideSolutionNode = FALSE
	EndGlobalSection
	GlobalSection(NestedProjects) = preSolution
		{4EDD4A9F-E838-4224-A786-A15561C80550} = {31AE166E-782E-452D-AD81-8A245FA0A2BC}
		{94B1C83C-8833-4F1C-BA15-985E8177B55D} = {31AE166E-782E-452D-AD81-8A245FA0A2BC}
		{41A3D6D1-D26E-4A24-8E54-34FBBE689BA8} = {31AE166E-782E-452D-AD81-8A245FA0A2BC}
		{F9C18173-2628-4430-9BBD-C07B7E96CFB8} = {31AE166E-782E-452D-AD81-8A245FA0A2BC}
		{65A7A44C-C261-4B2F-8ECC-E59FE354B9AC} = {31AE166E-782E-452D-AD81-8A245FA0A2BC}
		{E429CE30-19A4-4807-9601-245F162ECF9D} = {4EDD4A9F-E838-4224-A786-A15561C80550}
		{D61F9F1F-31BF-4DC6-9E84-DF088BDA7823} = {94B1C83C-8833-4F1C-BA15-985E8177B55D}
		{57550B3C-9C66-4645-AA83-B800C8ECA631} = {41A3D6D1-D26E-4A24-8E54-34FBBE689BA8}
		{68EF4126-10C8-4BF7-8DAA-6E607A79DA4F} = {F9C18173-2628-4430-9BBD-C07B7E96CFB8}
		{299A3DF1-C0F8-4463-BC8C-8C12A7AA7842} = {65A7A44C-C261-4B2F-8ECC-E59FE354B9AC}
	EndGlobalSection
	GlobalSection(ExtensibilityGlobals) = postSolution
		SolutionGuid = {BF86D761-57A0-4826-8476-F04EA3063715}
	EndGlobalSection
EndGlobal
